
Microsoft Visual Studio Solution File, Format Version 12.00
# Visual Studio Version 17
VisualStudioVersion = 17.11.35312.102
MinimumVisualStudioVersion = 10.0.40219.1
Project("{FAE04EC0-301F-11D3-BF4B-00C04F79EFBC}") = "TestWallpaper", "TestWallpaper\TestWallpaper.csproj", "{BABA20E3-E0D8-41B9-A876-27728311EBB7}"
EndProject
Project("{FAE04EC0-301F-11D3-BF4B-00C04F79EFBC}") = "LibraryWallpaper", "LibraryWallpaper\LibraryWallpaper.csproj", "{8913ADF8-8901-4CB4-B8AC-7848489E2FB9}"
EndProject
Global
	GlobalSection(SolutionConfigurationPlatforms) = preSolution
		Debug|Any CPU = Debug|Any CPU
		Release|Any CPU = Release|Any CPU
	EndGlobalSection
	GlobalSection(ProjectConfigurationPlatforms) = postSolution
		{BABA20E3-E0D8-41B9-A876-27728311EBB7}.Debug|Any CPU.ActiveCfg = Debug|Any CPU
		{BABA20E3-E0D8-41B9-A876-27728311EBB7}.Debug|Any CPU.Build.0 = Debug|Any CPU
		{BABA20E3-E0D8-41B9-A876-27728311EBB7}.Release|Any CPU.ActiveCfg = Release|Any CPU
		{BABA20E3-E0D8-41B9-A876-27728311EBB7}.Release|Any CPU.Build.0 = Release|Any CPU
		{8913ADF8-8901-4CB4-B8AC-7848489E2FB9}.Debug|Any CPU.ActiveCfg = Debug|Any CPU
		{8913ADF8-8901-4CB4-B8AC-7848489E2FB9}.Debug|Any CPU.Build.0 = Debug|Any CPU
		{8913ADF8-8901-4CB4-B8AC-7848489E2FB9}.Release|Any CPU.ActiveCfg = Release|Any CPU
		{8913ADF8-8901-4CB4-B8AC-7848489E2FB9}.Release|Any CPU.Build.0 = Release|Any CPU
	EndGlobalSection
	GlobalSection(SolutionProperties) = preSolution
		HideSolutionNode = FALSE
	EndGlobalSection
	GlobalSection(ExtensibilityGlobals) = postSolution
		SolutionGuid = {2A75B87D-6E1F-40FA-9EF9-14287760FEA5}
	EndGlobalSection
EndGlobal
